# This file is autogenerated, do not edit; changes may be undone by the next 'dep ensure'.


[[projects]]
  name = "github.com/Sirupsen/logrus"
  packages = ["."]
  revision = "bcd833dfe83d3cebad139e4a29ed79cb2318bf95"
  version = "v1.2.0"

[[projects]]
  name = "github.com/cenkalti/hub"
  packages = ["."]
  revision = "11382a9960d39b0ecda16fd01c424c11ff765a34"

[[projects]]
  branch = "master"
  name = "github.com/cenkalti/rpc2"
  packages = [
    ".",
    "jsonrpc"
  ]
  revision = "9642ea02d0aad04b8efb5e1a6bbc63daf8d0903d"

[[projects]]
  name = "github.com/containernetworking/cni"
  packages = [
    "pkg/invoke",
    "pkg/skel",
    "pkg/types",
    "pkg/types/020",
    "pkg/types/current",
    "pkg/version"
  ]
  revision = "a7885cb6f8ab03fba07852ded351e4f5e7a112bf"
  version = "v0.6.0"

[[projects]]
  name = "github.com/containernetworking/plugins"
  packages = [
    "pkg/ip",
    "pkg/ipam",
    "pkg/ns",
    "pkg/utils/hwaddr",
    "pkg/utils/sysctl"
  ]
  revision = "19f2f28178aa88772f69c4eeb3793d4a63c244b0"
  version = "v0.7.3"

[[projects]]
  name = "github.com/coreos/go-iptables"
  packages = ["iptables"]
  revision = "47f22b0dd3355c0ba570ba12b0b8a36bf214c04b"
  version = "v0.4.0"

[[projects]]
  branch = "master"
  name = "github.com/j-keck/arping"
  packages = ["."]
  revision = "2cf9dc699c5640a7e2c81403a44127bf28033600"

[[projects]]
  name = "github.com/konsorten/go-windows-terminal-sequences"
  packages = ["."]
  revision = "5c8c8bd35d3832f5d134ae1e1e375b69a4d25242"
  version = "v1.0.1"

[[projects]]
  branch = "master"
  name = "github.com/serngawy/libovsdb"
  packages = [
    ".",
    "ovsDriver"
  ]
  revision = "61a86c112561b31ea44b0c51bd4191a37108e852"

[[projects]]
  name = "github.com/vishvananda/netlink"
  packages = [
    ".",
    "nl"
  ]
  revision = "a2ad57a690f3caf3015351d2d6e1c0b95c349752"
  version = "v1.0.0"

[[projects]]
  branch = "master"
  name = "github.com/vishvananda/netns"
  packages = ["."]
  revision = "13995c7128ccc8e51e9a6bd2b551020a27180abd"

[[projects]]
  branch = "master"
  name = "golang.org/x/crypto"
  packages = ["ssh/terminal"]
  revision = "e4dc69e5b2fd71dcaf8bd5d054eb936deb78d1fa"

[[projects]]
  branch = "master"
  name = "golang.org/x/sys"
  packages = [
    "unix",
    "windows"
  ]
  revision = "66b7b1311ac80bbafcd2daeef9a5e6e2cd1e2399"

[solve-meta]
  analyzer-name = "dep"
  analyzer-version = 1
  inputs-digest = "0c704d837600664a8939ed1dd093be870c936033744bb08c732276481d12641e"
  solver-name = "gps-cdcl"
  solver-version = 1
